{
  "name": "opendialogjs",
  "version": "1.0.0",
  "lockfileVersion": 1,
  "requires": true,
  "dependencies": {
    "@nlpjs/neural": {
      "version": "4.12.0",
      "resolved": "https://registry.npmjs.org/@nlpjs/neural/-/neural-4.12.0.tgz",
      "integrity": "sha512-ESAtCA3UfrPxiQxUw+douW2JywoZawkLtPC3sOxXDr+B+fpz+mAQBZ3rPp0JPpF3Si8Eo/SGbYhiPz07YpK7zA=="
    }
  }
}
